
Microsoft Visual Studio Solution File, Format Version 12.00
# Visual Studio Version 16
VisualStudioVersion = 16.0.31624.102
MinimumVisualStudioVersion = 10.0.40219.1
Project("{FAE04EC0-301F-11D3-BF4B-00C04F79EFBC}") = "Task1", "Task1.csproj", "{D2B48CFF-73CC-43E9-8F03-FED962D9082E}"
EndProject
Global
	GlobalSection(SolutionConfigurationPlatforms) = preSolution
		Debug|Any CPU = Debug|Any CPU
		Release|Any CPU = Release|Any CPU
	EndGlobalSection
	GlobalSection(ProjectConfigurationPlatforms) = postSolution
		{D2B48CFF-73CC-43E9-8F03-FED962D9082E}.Debug|Any CPU.ActiveCfg = Debug|Any CPU
		{D2B48CFF-73CC-43E9-8F03-FED962D9082E}.Debug|Any CPU.Build.0 = Debug|Any CPU
		{D2B48CFF-73CC-43E9-8F03-FED962D9082E}.Release|Any CPU.ActiveCfg = Release|Any CPU
		{D2B48CFF-73CC-43E9-8F03-FED962D9082E}.Release|Any CPU.Build.0 = Release|Any CPU
	EndGlobalSection
	GlobalSection(SolutionProperties) = preSolution
		HideSolutionNode = FALSE
	EndGlobalSection
	GlobalSection(ExtensibilityGlobals) = postSolution
		SolutionGuid = {03CECA1C-57C1-47D5-ACB8-B9C94BE97089}
	EndGlobalSection
EndGlobal
